
Microsoft Visual Studio Solution File, Format Version 12.00
# Visual Studio Version 16
VisualStudioVersion = 16.0.31105.61
MinimumVisualStudioVersion = 10.0.40219.1
Project("{F184B08F-C81C-45F6-A57F-5ABD9991F28F}") = "meli", "meli\meli.vbproj", "{685CA6DF-E734-4DFC-B039-A44A0E6E8ED5}"
EndProject
Global
	GlobalSection(SolutionConfigurationPlatforms) = preSolution
		Debug|Any CPU = Debug|Any CPU
		Release|Any CPU = Release|Any CPU
	EndGlobalSection
	GlobalSection(ProjectConfigurationPlatforms) = postSolution
		{685CA6DF-E734-4DFC-B039-A44A0E6E8ED5}.Debug|Any CPU.ActiveCfg = Debug|Any CPU
		{685CA6DF-E734-4DFC-B039-A44A0E6E8ED5}.Debug|Any CPU.Build.0 = Debug|Any CPU
		{685CA6DF-E734-4DFC-B039-A44A0E6E8ED5}.Release|Any CPU.ActiveCfg = Release|Any CPU
		{685CA6DF-E734-4DFC-B039-A44A0E6E8ED5}.Release|Any CPU.Build.0 = Release|Any CPU
	EndGlobalSection
	GlobalSection(SolutionProperties) = preSolution
		HideSolutionNode = FALSE
	EndGlobalSection
	GlobalSection(ExtensibilityGlobals) = postSolution
		SolutionGuid = {EC95DC05-802A-41D2-B36D-2BF61482E0F9}
	EndGlobalSection
EndGlobal
